
Microsoft Visual Studio Solution File, Format Version 12.00
# Visual Studio 15
VisualStudioVersion = 15.0.26228.4
MinimumVisualStudioVersion = 10.0.40219.1
Project("{2150E333-8FDC-42A3-9474-1A3956D46DE8}") = "grafana_dashboards", "grafana_dashboards", "{78AD3B65-F6E0-469E-B028-9F3D71B1AF5B}"
	ProjectSection(SolutionItems) = preProject
		grafana_dashboards\Api.InfluxDB.Sample.Apdex.json = grafana_dashboards\Api.InfluxDB.Sample.Apdex.json
	EndProjectSection
EndProject
Project("{2150E333-8FDC-42A3-9474-1A3956D46DE8}") = "Solution Items", "Solution Items", "{26DDEBFD-A1E1-4BCA-B586-F15586817ADF}"
EndProject
Project("{9A19103F-16F7-4668-BE54-9A1E7A4F7556}") = "Api.InfluxDB.Sample", "src\Api.InfluxDB.Sample\Api.InfluxDB.Sample.csproj", "{8FA8D248-3DA8-4C29-B436-0FFDD7BEF400}"
EndProject
Global
	GlobalSection(SolutionConfigurationPlatforms) = preSolution
		Debug|Any CPU = Debug|Any CPU
		Release|Any CPU = Release|Any CPU
	EndGlobalSection
	GlobalSection(ProjectConfigurationPlatforms) = postSolution
		{8FA8D248-3DA8-4C29-B436-0FFDD7BEF400}.Debug|Any CPU.ActiveCfg = Debug|Any CPU
		{8FA8D248-3DA8-4C29-B436-0FFDD7BEF400}.Debug|Any CPU.Build.0 = Debug|Any CPU
		{8FA8D248-3DA8-4C29-B436-0FFDD7BEF400}.Release|Any CPU.ActiveCfg = Release|Any CPU
		{8FA8D248-3DA8-4C29-B436-0FFDD7BEF400}.Release|Any CPU.Build.0 = Release|Any CPU
	EndGlobalSection
	GlobalSection(SolutionProperties) = preSolution
		HideSolutionNode = FALSE
	EndGlobalSection
EndGlobal
