
Microsoft Visual Studio Solution File, Format Version 12.00
# Visual Studio 15
VisualStudioVersion = 15.0.26228.12
MinimumVisualStudioVersion = 10.0.40219.1
Project("{9A19103F-16F7-4668-BE54-9A1E7A4F7556}") = "Api.ElasticSearch.Sample", "src\Api.ElasticSearch.Sample\Api.ElasticSearch.Sample.csproj", "{8FA8D248-3DA8-4C29-B436-0FFDD7BEF400}"
EndProject
Project("{2150E333-8FDC-42A3-9474-1A3956D46DE8}") = "Solution Items", "Solution Items", "{26DDEBFD-A1E1-4BCA-B586-F15586817ADF}"
	ProjectSection(SolutionItems) = preProject
		global.json = global.json
	EndProjectSection
EndProject
Project("{2150E333-8FDC-42A3-9474-1A3956D46DE8}") = "grafana_dashboards", "grafana_dashboards", "{C5958FB5-627D-47F2-AC01-2E02358E3311}"
	ProjectSection(SolutionItems) = preProject
		grafana_dashboards\Api.ElasticSearch.Sample.Apdex.json = grafana_dashboards\Api.ElasticSearch.Sample.Apdex.json
	EndProjectSection
EndProject
Global
	GlobalSection(SolutionConfigurationPlatforms) = preSolution
		Debug|Any CPU = Debug|Any CPU
		Release|Any CPU = Release|Any CPU
	EndGlobalSection
	GlobalSection(ProjectConfigurationPlatforms) = postSolution
		{8FA8D248-3DA8-4C29-B436-0FFDD7BEF400}.Debug|Any CPU.ActiveCfg = Debug|Any CPU
		{8FA8D248-3DA8-4C29-B436-0FFDD7BEF400}.Debug|Any CPU.Build.0 = Debug|Any CPU
		{8FA8D248-3DA8-4C29-B436-0FFDD7BEF400}.Release|Any CPU.ActiveCfg = Release|Any CPU
		{8FA8D248-3DA8-4C29-B436-0FFDD7BEF400}.Release|Any CPU.Build.0 = Release|Any CPU
	EndGlobalSection
	GlobalSection(SolutionProperties) = preSolution
		HideSolutionNode = FALSE
	EndGlobalSection
	GlobalSection(NestedProjects) = preSolution
		{C5958FB5-627D-47F2-AC01-2E02358E3311} = {26DDEBFD-A1E1-4BCA-B586-F15586817ADF}
	EndGlobalSection
EndGlobal
