
Microsoft Visual Studio Solution File, Format Version 12.00
# Visual Studio 14
VisualStudioVersion = 14.0.25420.1
MinimumVisualStudioVersion = 10.0.40219.1
Project("{FAE04EC0-301F-11D3-BF4B-00C04F79EFBC}") = "Web.Api.Net452", "src\Web.Api.Net452\Web.Api.Net452.csproj", "{3A82546A-F3A2-40EB-A14A-47637B032AFD}"
EndProject
Project("{FAE04EC0-301F-11D3-BF4B-00C04F79EFBC}") = "Web.Mvc.Net452", "src\Web.Mvc.Net452\Web.Mvc.Net452.csproj", "{62900673-5AE7-4C97-84CF-CDAB361C7B9C}"
EndProject
Project("{FAE04EC0-301F-11D3-BF4B-00C04F79EFBC}") = "Console.Net452", "src\Console.Net452\Console.Net452.csproj", "{BB855553-99D2-4EE7-9BBB-46B15AA014EA}"
EndProject
Project("{2150E333-8FDC-42A3-9474-1A3956D46DE8}") = "grafana_dashbaords", "grafana_dashbaords", "{DC2E7240-A722-48B7-AB63-E2A0387EA0E5}"
	ProjectSection(SolutionItems) = preProject
		grafana_dashboards\Web.Api.Net452.InfluxDB.json = grafana_dashboards\Web.Api.Net452.InfluxDB.json
		grafana_dashboards\Web.Mvc.Net452.InfluxDB.json = grafana_dashboards\Web.Mvc.Net452.InfluxDB.json
	EndProjectSection
EndProject
Global
	GlobalSection(SolutionConfigurationPlatforms) = preSolution
		Debug|Any CPU = Debug|Any CPU
		Release|Any CPU = Release|Any CPU
	EndGlobalSection
	GlobalSection(ProjectConfigurationPlatforms) = postSolution
		{3A82546A-F3A2-40EB-A14A-47637B032AFD}.Debug|Any CPU.ActiveCfg = Debug|Any CPU
		{3A82546A-F3A2-40EB-A14A-47637B032AFD}.Debug|Any CPU.Build.0 = Debug|Any CPU
		{3A82546A-F3A2-40EB-A14A-47637B032AFD}.Release|Any CPU.ActiveCfg = Release|Any CPU
		{3A82546A-F3A2-40EB-A14A-47637B032AFD}.Release|Any CPU.Build.0 = Release|Any CPU
		{62900673-5AE7-4C97-84CF-CDAB361C7B9C}.Debug|Any CPU.ActiveCfg = Debug|Any CPU
		{62900673-5AE7-4C97-84CF-CDAB361C7B9C}.Debug|Any CPU.Build.0 = Debug|Any CPU
		{62900673-5AE7-4C97-84CF-CDAB361C7B9C}.Release|Any CPU.ActiveCfg = Release|Any CPU
		{62900673-5AE7-4C97-84CF-CDAB361C7B9C}.Release|Any CPU.Build.0 = Release|Any CPU
		{BB855553-99D2-4EE7-9BBB-46B15AA014EA}.Debug|Any CPU.ActiveCfg = Debug|Any CPU
		{BB855553-99D2-4EE7-9BBB-46B15AA014EA}.Debug|Any CPU.Build.0 = Debug|Any CPU
		{BB855553-99D2-4EE7-9BBB-46B15AA014EA}.Release|Any CPU.ActiveCfg = Release|Any CPU
		{BB855553-99D2-4EE7-9BBB-46B15AA014EA}.Release|Any CPU.Build.0 = Release|Any CPU
	EndGlobalSection
	GlobalSection(SolutionProperties) = preSolution
		HideSolutionNode = FALSE
	EndGlobalSection
EndGlobal
